
Microsoft Visual Studio Solution File, Format Version 12.00
# Visual Studio Version 17
VisualStudioVersion = 17.2.32516.85
MinimumVisualStudioVersion = 10.0.40219.1
Project("{9A19103F-16F7-4668-BE54-9A1E7A4F7556}") = "shopapp.webui", "shopapp.webui\shopapp.webui.csproj", "{3ED2BD19-C044-4FEB-BBC2-661C4014BF0E}"
EndProject
Project("{9A19103F-16F7-4668-BE54-9A1E7A4F7556}") = "shopapp.data", "shopapp.data\shopapp.data.csproj", "{DEAE653C-D273-471C-B652-26C7B02FEDD4}"
EndProject
Project("{9A19103F-16F7-4668-BE54-9A1E7A4F7556}") = "shopapp.entity", "shopapp.entity\shopapp.entity.csproj", "{A30C9F44-87E3-4A56-BACC-156B68C67B66}"
EndProject
Project("{FAE04EC0-301F-11D3-BF4B-00C04F79EFBC}") = "shopapp.business", "shopapp.business\shopapp.business.csproj", "{B4B9125B-7A01-4496-AC32-09A9AF3057D1}"
EndProject
Global
	GlobalSection(SolutionConfigurationPlatforms) = preSolution
		Debug|Any CPU = Debug|Any CPU
		Release|Any CPU = Release|Any CPU
	EndGlobalSection
	GlobalSection(ProjectConfigurationPlatforms) = postSolution
		{3ED2BD19-C044-4FEB-BBC2-661C4014BF0E}.Debug|Any CPU.ActiveCfg = Debug|Any CPU
		{3ED2BD19-C044-4FEB-BBC2-661C4014BF0E}.Debug|Any CPU.Build.0 = Debug|Any CPU
		{3ED2BD19-C044-4FEB-BBC2-661C4014BF0E}.Release|Any CPU.ActiveCfg = Release|Any CPU
		{3ED2BD19-C044-4FEB-BBC2-661C4014BF0E}.Release|Any CPU.Build.0 = Release|Any CPU
		{DEAE653C-D273-471C-B652-26C7B02FEDD4}.Debug|Any CPU.ActiveCfg = Debug|Any CPU
		{DEAE653C-D273-471C-B652-26C7B02FEDD4}.Debug|Any CPU.Build.0 = Debug|Any CPU
		{DEAE653C-D273-471C-B652-26C7B02FEDD4}.Release|Any CPU.ActiveCfg = Release|Any CPU
		{DEAE653C-D273-471C-B652-26C7B02FEDD4}.Release|Any CPU.Build.0 = Release|Any CPU
		{A30C9F44-87E3-4A56-BACC-156B68C67B66}.Debug|Any CPU.ActiveCfg = Debug|Any CPU
		{A30C9F44-87E3-4A56-BACC-156B68C67B66}.Debug|Any CPU.Build.0 = Debug|Any CPU
		{A30C9F44-87E3-4A56-BACC-156B68C67B66}.Release|Any CPU.ActiveCfg = Release|Any CPU
		{A30C9F44-87E3-4A56-BACC-156B68C67B66}.Release|Any CPU.Build.0 = Release|Any CPU
		{B4B9125B-7A01-4496-AC32-09A9AF3057D1}.Debug|Any CPU.ActiveCfg = Debug|Any CPU
		{B4B9125B-7A01-4496-AC32-09A9AF3057D1}.Debug|Any CPU.Build.0 = Debug|Any CPU
		{B4B9125B-7A01-4496-AC32-09A9AF3057D1}.Release|Any CPU.ActiveCfg = Release|Any CPU
		{B4B9125B-7A01-4496-AC32-09A9AF3057D1}.Release|Any CPU.Build.0 = Release|Any CPU
	EndGlobalSection
	GlobalSection(SolutionProperties) = preSolution
		HideSolutionNode = FALSE
	EndGlobalSection
	GlobalSection(ExtensibilityGlobals) = postSolution
		SolutionGuid = {EE999F9C-6105-4FEA-92D8-C13A48ABB4C1}
	EndGlobalSection
EndGlobal
